
Microsoft Visual Studio Solution File, Format Version 12.00
# Visual Studio Version 16
VisualStudioVersion = 16.0.29318.209
MinimumVisualStudioVersion = 10.0.40219.1
Project("{FAE04EC0-301F-11D3-BF4B-00C04F79EFBC}") = "PatChat.DataAccessLayer", "PatChat.DataAccessLayer\PatChat.DataAccessLayer.csproj", "{EABA74FE-CD5E-497F-8013-29953FEDA7B8}"
EndProject
Project("{FAE04EC0-301F-11D3-BF4B-00C04F79EFBC}") = "PatChat.BusinessLayer", "PatChat.BusinessLayer\PatChat.BusinessLayer.csproj", "{059DA094-1417-4BF8-9658-614D704E542B}"
EndProject
Project("{FAE04EC0-301F-11D3-BF4B-00C04F79EFBC}") = "PatChat.Entities", "PatChat.Entities\PatChat.Entities.csproj", "{AEE52064-5C0A-490A-83A1-3FCCD4F91390}"
EndProject
Project("{FAE04EC0-301F-11D3-BF4B-00C04F79EFBC}") = "PatChatClient.UI", "PatChatClient.UI\PatChatClient.UI.csproj", "{630B0AAD-8E5F-4ABB-AD3C-895C1F313A65}"
EndProject
Project("{FAE04EC0-301F-11D3-BF4B-00C04F79EFBC}") = "PatChatServer.UI", "PatChatServer.UI\PatChatServer.UI.csproj", "{6E140001-C8DB-459D-86B2-4197AA4EE07D}"
EndProject
Global
	GlobalSection(SolutionConfigurationPlatforms) = preSolution
		Debug|Any CPU = Debug|Any CPU
		Release|Any CPU = Release|Any CPU
	EndGlobalSection
	GlobalSection(ProjectConfigurationPlatforms) = postSolution
		{EABA74FE-CD5E-497F-8013-29953FEDA7B8}.Debug|Any CPU.ActiveCfg = Debug|Any CPU
		{EABA74FE-CD5E-497F-8013-29953FEDA7B8}.Debug|Any CPU.Build.0 = Debug|Any CPU
		{EABA74FE-CD5E-497F-8013-29953FEDA7B8}.Release|Any CPU.ActiveCfg = Release|Any CPU
		{EABA74FE-CD5E-497F-8013-29953FEDA7B8}.Release|Any CPU.Build.0 = Release|Any CPU
		{059DA094-1417-4BF8-9658-614D704E542B}.Debug|Any CPU.ActiveCfg = Debug|Any CPU
		{059DA094-1417-4BF8-9658-614D704E542B}.Debug|Any CPU.Build.0 = Debug|Any CPU
		{059DA094-1417-4BF8-9658-614D704E542B}.Release|Any CPU.ActiveCfg = Release|Any CPU
		{059DA094-1417-4BF8-9658-614D704E542B}.Release|Any CPU.Build.0 = Release|Any CPU
		{AEE52064-5C0A-490A-83A1-3FCCD4F91390}.Debug|Any CPU.ActiveCfg = Debug|Any CPU
		{AEE52064-5C0A-490A-83A1-3FCCD4F91390}.Debug|Any CPU.Build.0 = Debug|Any CPU
		{AEE52064-5C0A-490A-83A1-3FCCD4F91390}.Release|Any CPU.ActiveCfg = Release|Any CPU
		{AEE52064-5C0A-490A-83A1-3FCCD4F91390}.Release|Any CPU.Build.0 = Release|Any CPU
		{630B0AAD-8E5F-4ABB-AD3C-895C1F313A65}.Debug|Any CPU.ActiveCfg = Debug|Any CPU
		{630B0AAD-8E5F-4ABB-AD3C-895C1F313A65}.Debug|Any CPU.Build.0 = Debug|Any CPU
		{630B0AAD-8E5F-4ABB-AD3C-895C1F313A65}.Release|Any CPU.ActiveCfg = Release|Any CPU
		{630B0AAD-8E5F-4ABB-AD3C-895C1F313A65}.Release|Any CPU.Build.0 = Release|Any CPU
		{6E140001-C8DB-459D-86B2-4197AA4EE07D}.Debug|Any CPU.ActiveCfg = Debug|Any CPU
		{6E140001-C8DB-459D-86B2-4197AA4EE07D}.Debug|Any CPU.Build.0 = Debug|Any CPU
		{6E140001-C8DB-459D-86B2-4197AA4EE07D}.Release|Any CPU.ActiveCfg = Release|Any CPU
		{6E140001-C8DB-459D-86B2-4197AA4EE07D}.Release|Any CPU.Build.0 = Release|Any CPU
	EndGlobalSection
	GlobalSection(SolutionProperties) = preSolution
		HideSolutionNode = FALSE
	EndGlobalSection
	GlobalSection(ExtensibilityGlobals) = postSolution
		SolutionGuid = {3FC1DC45-7C0C-4B31-9442-A8F273449555}
	EndGlobalSection
EndGlobal
